{
    "friendsofsymfony/user-bundle": {
        "version": "v2.1.2"
    },
    "kevinpapst/adminlte-bundle": {
        "version": "0.9",
        "recipe": {
            "repo": "github.com/symfony/recipes-contrib",
            "branch": "master",
            "version": "0.9",
            "ref": "dca6a91efc23d844326d2e90b47bdf48a5038fcf"
        }
    },
    "roave/security-advisories": {
        "version": "dev-master"
    },
    "symfony/mime": {
        "version": "v4.3.6"
    },
    "symfony/polyfill-php73": {
        "version": "v1.12.0"
    },
    "symfony/security-core": {
        "version": "v4.3.6"
    },
    "symfony/security-csrf": {
        "version": "v4.3.6"
    },
    "symfony/security-guard": {
        "version": "v4.3.6"
    },
    "symfony/security-http": {
        "version": "v4.3.6"
    },
    "symfony/templating": {
        "version": "v4.1.12"
    },
    "symfony/var-exporter": {
        "version": "v4.3.6"
    },
    "symfony/webpack-encore-bundle": {
        "version": "1.0",
        "recipe": {
            "repo": "github.com/symfony/recipes",
            "branch": "master",
            "version": "1.0",
            "ref": "d3b160b9799c91cbfc3df6f018c795f3bf88698a"
        },
        "files": [
            "assets/css/app.css",
            "assets/js/app.js",
            "config/packages/assets.yaml",
            "config/packages/prod/webpack_encore.yaml",
            "config/packages/webpack_encore.yaml",
            "package.json",
            "webpack.config.js"
        ]
    }
}
